
Microsoft Visual Studio Solution File, Format Version 12.00
# Visual Studio Version 17
VisualStudioVersion = 17.3.32922.545
MinimumVisualStudioVersion = 10.0.40219.1
Project("{FAE04EC0-301F-11D3-BF4B-00C04F79EFBC}") = "Wpf_Lab17_color", "Wpf_Lab17_color\Wpf_Lab17_color.csproj", "{D1964CAD-8E53-468E-8570-F7B103723B5C}"
EndProject
Global
	GlobalSection(SolutionConfigurationPlatforms) = preSolution
		Debug|Any CPU = Debug|Any CPU
		Release|Any CPU = Release|Any CPU
	EndGlobalSection
	GlobalSection(ProjectConfigurationPlatforms) = postSolution
		{D1964CAD-8E53-468E-8570-F7B103723B5C}.Debug|Any CPU.ActiveCfg = Debug|Any CPU
		{D1964CAD-8E53-468E-8570-F7B103723B5C}.Debug|Any CPU.Build.0 = Debug|Any CPU
		{D1964CAD-8E53-468E-8570-F7B103723B5C}.Release|Any CPU.ActiveCfg = Release|Any CPU
		{D1964CAD-8E53-468E-8570-F7B103723B5C}.Release|Any CPU.Build.0 = Release|Any CPU
	EndGlobalSection
	GlobalSection(SolutionProperties) = preSolution
		HideSolutionNode = FALSE
	EndGlobalSection
	GlobalSection(ExtensibilityGlobals) = postSolution
		SolutionGuid = {4C9C4B37-44BE-4269-A6C6-DD0E33DD0D6A}
	EndGlobalSection
EndGlobal
